// !$*UTF8*$!
{
	archiveVersion = 1;
	classes = {
	};
	objectVersion = 46;
	objects = {

/* Begin PBXBuildFile section */
		4CFA0A59192531C700B886DD /* Foundation.framework in Frameworks */ = {isa = PBXBuildFile; fileRef = 4CFA0A58192531C700B886DD /* Foundation.framework */; };
		4CFA0A5B192531C700B886DD /* CoreGraphics.framework in Frameworks */ = {isa = PBXBuildFile; fileRef = 4CFA0A5A192531C700B886DD /* CoreGraphics.framework */; };
		4CFA0A5D192531C700B886DD /* UIKit.framework in Frameworks */ = {isa = PBXBuildFile; fileRef = 4CFA0A5C192531C700B886DD /* UIKit.framework */; };
		4CFA0A63192531C700B886DD /* InfoPlist.strings in Resources */ = {isa = PBXBuildFile; fileRef = 4CFA0A61192531C700B886DD /* InfoPlist.strings */; };
		4CFA0A65192531C700B886DD /* main.m in Sources */ = {isa = PBXBuildFile; fileRef = 4CFA0A64192531C700B886DD /* main.m */; };
		4CFA0A69192531C700B886DD /* AppDelegate.m in Sources */ = {isa = PBXBuildFile; fileRef = 4CFA0A68192531C700B886DD /* AppDelegate.m */; };
		4CFA0A6C192531C700B886DD /* Main.storyboard in Resources */ = {isa = PBXBuildFile; fileRef = 4CFA0A6A192531C700B886DD /* Main.storyboard */; };
		4CFA0A6F192531C700B886DD /* ViewController.m in Sources */ = {isa = PBXBuildFile; fileRef = 4CFA0A6E192531C700B886DD /* ViewController.m */; };
		4CFA0A71192531C700B886DD /* Images.xcassets in Resources */ = {isa = PBXBuildFile; fileRef = 4CFA0A70192531C700B886DD /* Images.xcassets */; };
		4CFA0A78192531C700B886DD /* XCTest.framework in Frameworks */ = {isa = PBXBuildFile; fileRef = 4CFA0A77192531C700B886DD /* XCTest.framework */; };
		4CFA0A79192531C700B886DD /* Foundation.framework in Frameworks */ = {isa = PBXBuildFile; fileRef = 4CFA0A58192531C700B886DD /* Foundation.framework */; };
		4CFA0A7A192531C700B886DD /* UIKit.framework in Frameworks */ = {isa = PBXBuildFile; fileRef = 4CFA0A5C192531C700B886DD /* UIKit.framework */; };
		4CFA0A82192531C700B886DD /* InfoPlist.strings in Resources */ = {isa = PBXBuildFile; fileRef = 4CFA0A80192531C700B886DD /* InfoPlist.strings */; };
		4CFA0A84192531C700B886DD /* DemoTests.m in Sources */ = {isa = PBXBuildFile; fileRef = 4CFA0A83192531C700B886DD /* DemoTests.m */; };
		4CFA0A8F19253F3700B886DD /* next.jpg in Resources */ = {isa = PBXBuildFile; fileRef = 4CFA0A8D19253F3700B886DD /* next.jpg */; };
		4CFA0A9019253F3700B886DD /* prev.png in Resources */ = {isa = PBXBuildFile; fileRef = 4CFA0A8E19253F3700B886DD /* prev.png */; };
		4CFA0A931925430D00B886DD /* leftarrow.png in Resources */ = {isa = PBXBuildFile; fileRef = 4CFA0A911925430D00B886DD /* leftarrow.png */; };
		4CFA0A941925430D00B886DD /* rightarrow.png in Resources */ = {isa = PBXBuildFile; fileRef = 4CFA0A921925430D00B886DD /* rightarrow.png */; };
		4CFA0A9B19256CAD00B886DD /* leftarrow2.png in Resources */ = {isa = PBXBuildFile; fileRef = 4CFA0A9919256CAD00B886DD /* leftarrow2.png */; };
		4CFA0A9C19256CAD00B886DD /* rightarrow2.png in Resources */ = {isa = PBXBuildFile; fileRef = 4CFA0A9A19256CAD00B886DD /* rightarrow2.png */; };
		4CFA0A9F192571BC00B886DD /* WordData.m in Sources */ = {isa = PBXBuildFile; fileRef = 4CFA0A9E192571BC00B886DD /* WordData.m */; };
		4CFA0AA11925B3BB00B886DD /* photo.png in Resources */ = {isa = PBXBuildFile; fileRef = 4CFA0AA01925B3BB00B886DD /* photo.png */; };
		4CFA0AA31925BBF300B886DD /* photo1.png in Resources */ = {isa = PBXBuildFile; fileRef = 4CFA0AA21925BBF300B886DD /* photo1.png */; };
/* End PBXBuildFile section */

/* Begin PBXContainerItemProxy section */
		4CFA0A7B192531C700B886DD /* PBXContainerItemProxy */ = {
			isa = PBXContainerItemProxy;
			containerPortal = 4CFA0A4D192531C700B886DD /* Project object */;
			proxyType = 1;
			remoteGlobalIDString = 4CFA0A54192531C700B886DD;
			remoteInfo = Demo;
		};
/* End PBXContainerItemProxy section */

/* Begin PBXFileReference section */
		4CFA0A55192531C700B886DD /* Demo.app */ = {isa = PBXFileReference; explicitFileType = wrapper.application; includeInIndex = 0; path = Demo.app; sourceTree = BUILT_PRODUCTS_DIR; };
		4CFA0A58192531C700B886DD /* Foundation.framework */ = {isa = PBXFileReference; lastKnownFileType = wrapper.framework; name = Foundation.framework; path = System/Library/Frameworks/Foundation.framework; sourceTree = SDKROOT; };
		4CFA0A5A192531C700B886DD /* CoreGraphics.framework */ = {isa = PBXFileReference; lastKnownFileType = wrapper.framework; name = CoreGraphics.framework; path = System/Library/Frameworks/CoreGraphics.framework; sourceTree = SDKROOT; };
		4CFA0A5C192531C700B886DD /* UIKit.framework */ = {isa = PBXFileReference; lastKnownFileType = wrapper.framework; name = UIKit.framework; path = System/Library/Frameworks/UIKit.framework; sourceTree = SDKROOT; };
		4CFA0A60192531C700B886DD /* Demo-Info.plist */ = {isa = PBXFileReference; lastKnownFileType = text.plist.xml; path = "Demo-Info.plist"; sourceTree = "<group>"; };
		4CFA0A62192531C700B886DD /* en */ = {isa = PBXFileReference; lastKnownFileType = text.plist.strings; name = en; path = en.lproj/InfoPlist.strings; sourceTree = "<group>"; };
		4CFA0A64192531C700B886DD /* main.m */ = {isa = PBXFileReference; lastKnownFileType = sourcecode.c.objc; path = main.m; sourceTree = "<group>"; };
		4CFA0A66192531C700B886DD /* Demo-Prefix.pch */ = {isa = PBXFileReference; lastKnownFileType = sourcecode.c.h; path = "Demo-Prefix.pch"; sourceTree = "<group>"; };
		4CFA0A67192531C700B886DD /* AppDelegate.h */ = {isa = PBXFileReference; lastKnownFileType = sourcecode.c.h; path = AppDelegate.h; sourceTree = "<group>"; };
		4CFA0A68192531C700B886DD /* AppDelegate.m */ = {isa = PBXFileReference; lastKnownFileType = sourcecode.c.objc; path = AppDelegate.m; sourceTree = "<group>"; };
		4CFA0A6B192531C700B886DD /* Base */ = {isa = PBXFileReference; lastKnownFileType = file.storyboard; name = Base; path = Base.lproj/Main.storyboard; sourceTree = "<group>"; };
		4CFA0A6D192531C700B886DD /* ViewController.h */ = {isa = PBXFileReference; lastKnownFileType = sourcecode.c.h; path = ViewController.h; sourceTree = "<group>"; };
		4CFA0A6E192531C700B886DD /* ViewController.m */ = {isa = PBXFileReference; lastKnownFileType = sourcecode.c.objc; path = ViewController.m; sourceTree = "<group>"; };
		4CFA0A70192531C700B886DD /* Images.xcassets */ = {isa = PBXFileReference; lastKnownFileType = folder.assetcatalog; path = Images.xcassets; sourceTree = "<group>"; };
		4CFA0A76192531C700B886DD /* DemoTests.xctest */ = {isa = PBXFileReference; explicitFileType = wrapper.cfbundle; includeInIndex = 0; path = DemoTests.xctest; sourceTree = BUILT_PRODUCTS_DIR; };
		4CFA0A77192531C700B886DD /* XCTest.framework */ = {isa = PBXFileReference; lastKnownFileType = wrapper.framework; name = XCTest.framework; path = Library/Frameworks/XCTest.framework; sourceTree = DEVELOPER_DIR; };
		4CFA0A7F192531C700B886DD /* DemoTests-Info.plist */ = {isa = PBXFileReference; lastKnownFileType = text.plist.xml; path = "DemoTests-Info.plist"; sourceTree = "<group>"; };
		4CFA0A81192531C700B886DD /* en */ = {isa = PBXFileReference; lastKnownFileType = text.plist.strings; name = en; path = en.lproj/InfoPlist.strings; sourceTree = "<group>"; };
		4CFA0A83192531C700B886DD /* DemoTests.m */ = {isa = PBXFileReference; lastKnownFileType = sourcecode.c.objc; path = DemoTests.m; sourceTree = "<group>"; };
		4CFA0A8D19253F3700B886DD /* next.jpg */ = {isa = PBXFileReference; lastKnownFileType = image.jpeg; path = next.jpg; sourceTree = "<group>"; };
		4CFA0A8E19253F3700B886DD /* prev.png */ = {isa = PBXFileReference; lastKnownFileType = image.png; path = prev.png; sourceTree = "<group>"; };
		4CFA0A911925430D00B886DD /* leftarrow.png */ = {isa = PBXFileReference; lastKnownFileType = image.png; path = leftarrow.png; sourceTree = "<group>"; };
		4CFA0A921925430D00B886DD /* rightarrow.png */ = {isa = PBXFileReference; lastKnownFileType = image.png; path = rightarrow.png; sourceTree = "<group>"; };
		4CFA0A9919256CAD00B886DD /* leftarrow2.png */ = {isa = PBXFileReference; lastKnownFileType = image.png; path = leftarrow2.png; sourceTree = "<group>"; };
		4CFA0A9A19256CAD00B886DD /* rightarrow2.png */ = {isa = PBXFileReference; lastKnownFileType = image.png; path = rightarrow2.png; sourceTree = "<group>"; };
		4CFA0A9D192571BC00B886DD /* WordData.h */ = {isa = PBXFileReference; fileEncoding = 4; lastKnownFileType = sourcecode.c.h; path = WordData.h; sourceTree = "<group>"; };
		4CFA0A9E192571BC00B886DD /* WordData.m */ = {isa = PBXFileReference; fileEncoding = 4; lastKnownFileType = sourcecode.c.objc; path = WordData.m; sourceTree = "<group>"; };
		4CFA0AA01925B3BB00B886DD /* photo.png */ = {isa = PBXFileReference; lastKnownFileType = image.png; path = photo.png; sourceTree = "<group>"; };
		4CFA0AA21925BBF300B886DD /* photo1.png */ = {isa = PBXFileReference; lastKnownFileType = image.png; path = photo1.png; sourceTree = "<group>"; };
/* End PBXFileReference section */

/* Begin PBXFrameworksBuildPhase section */
		4CFA0A52192531C700B886DD /* Frameworks */ = {
			isa = PBXFrameworksBuildPhase;
			buildActionMask = 2147483647;
			files = (
				4CFA0A5B192531C700B886DD /* CoreGraphics.framework in Frameworks */,
				4CFA0A5D192531C700B886DD /* UIKit.framework in Frameworks */,
				4CFA0A59192531C700B886DD /* Foundation.framework in Frameworks */,
			);
			runOnlyForDeploymentPostprocessing = 0;
		};
		4CFA0A73192531C700B886DD /* Frameworks */ = {
			isa = PBXFrameworksBuildPhase;
			buildActionMask = 2147483647;
			files = (
				4CFA0A78192531C700B886DD /* XCTest.framework in Frameworks */,
				4CFA0A7A192531C700B886DD /* UIKit.framework in Frameworks */,
				4CFA0A79192531C700B886DD /* Foundation.framework in Frameworks */,
			);
			runOnlyForDeploymentPostprocessing = 0;
		};
/* End PBXFrameworksBuildPhase section */

/* Begin PBXGroup section */
		4CFA0A4C192531C700B886DD = {
			isa = PBXGroup;
			children = (
				4CFA0A5E192531C700B886DD /* Demo */,
				4CFA0A7D192531C700B886DD /* DemoTests */,
				4CFA0A57192531C700B886DD /* Frameworks */,
				4CFA0A56192531C700B886DD /* Products */,
			);
			sourceTree = "<group>";
		};
		4CFA0A56192531C700B886DD /* Products */ = {
			isa = PBXGroup;
			children = (
				4CFA0A55192531C700B886DD /* Demo.app */,
				4CFA0A76192531C700B886DD /* DemoTests.xctest */,
			);
			name = Products;
			sourceTree = "<group>";
		};
		4CFA0A57192531C700B886DD /* Frameworks */ = {
			isa = PBXGroup;
			children = (
				4CFA0A58192531C700B886DD /* Foundation.framework */,
				4CFA0A5A192531C700B886DD /* CoreGraphics.framework */,
				4CFA0A5C192531C700B886DD /* UIKit.framework */,
				4CFA0A77192531C700B886DD /* XCTest.framework */,
			);
			name = Frameworks;
			sourceTree = "<group>";
		};
		4CFA0A5E192531C700B886DD /* Demo */ = {
			isa = PBXGroup;
			children = (
				4CFA0AA21925BBF300B886DD /* photo1.png */,
				4CFA0AA01925B3BB00B886DD /* photo.png */,
				4CFA0A9919256CAD00B886DD /* leftarrow2.png */,
				4CFA0A9A19256CAD00B886DD /* rightarrow2.png */,
				4CFA0A911925430D00B886DD /* leftarrow.png */,
				4CFA0A921925430D00B886DD /* rightarrow.png */,
				4CFA0A8D19253F3700B886DD /* next.jpg */,
				4CFA0A8E19253F3700B886DD /* prev.png */,
				4CFA0A67192531C700B886DD /* AppDelegate.h */,
				4CFA0A68192531C700B886DD /* AppDelegate.m */,
				4CFA0A6A192531C700B886DD /* Main.storyboard */,
				4CFA0A6D192531C700B886DD /* ViewController.h */,
				4CFA0A6E192531C700B886DD /* ViewController.m */,
				4CFA0A70192531C700B886DD /* Images.xcassets */,
				4CFA0A5F192531C700B886DD /* Supporting Files */,
				4CFA0A9D192571BC00B886DD /* WordData.h */,
				4CFA0A9E192571BC00B886DD /* WordData.m */,
			);
			path = Demo;
			sourceTree = "<group>";
		};
		4CFA0A5F192531C700B886DD /* Supporting Files */ = {
			isa = PBXGroup;
			children = (
				4CFA0A60192531C700B886DD /* Demo-Info.plist */,
				4CFA0A61192531C700B886DD /* InfoPlist.strings */,
				4CFA0A64192531C700B886DD /* main.m */,
				4CFA0A66192531C700B886DD /* Demo-Prefix.pch */,
			);
			name = "Supporting Files";
			sourceTree = "<group>";
		};
		4CFA0A7D192531C700B886DD /* DemoTests */ = {
			isa = PBXGroup;
			children = (
				4CFA0A83192531C700B886DD /* DemoTests.m */,
				4CFA0A7E192531C700B886DD /* Supporting Files */,
			);
			path = DemoTests;
			sourceTree = "<group>";
		};
		4CFA0A7E192531C700B886DD /* Supporting Files */ = {
			isa = PBXGroup;
			children = (
				4CFA0A7F192531C700B886DD /* DemoTests-Info.plist */,
				4CFA0A80192531C700B886DD /* InfoPlist.strings */,
			);
			name = "Supporting Files";
			sourceTree = "<group>";
		};
/* End PBXGroup section */

/* Begin PBXNativeTarget section */
		4CFA0A54192531C700B886DD /* Demo */ = {
			isa = PBXNativeTarget;
			buildConfigurationList = 4CFA0A87192531C700B886DD /* Build configuration list for PBXNativeTarget "Demo" */;
			buildPhases = (
				4CFA0A51192531C700B886DD /* Sources */,
				4CFA0A52192531C700B886DD /* Frameworks */,
				4CFA0A53192531C700B886DD /* Resources */,
			);
			buildRules = (
			);
			dependencies = (
			);
			name = Demo;
			productName = Demo;
			productReference = 4CFA0A55192531C700B886DD /* Demo.app */;
			productType = "com.apple.product-type.application";
		};
		4CFA0A75192531C700B886DD /* DemoTests */ = {
			isa = PBXNativeTarget;
			buildConfigurationList = 4CFA0A8A192531C700B886DD /* Build configuration list for PBXNativeTarget "DemoTests" */;
			buildPhases = (
				4CFA0A72192531C700B886DD /* Sources */,
				4CFA0A73192531C700B886DD /* Frameworks */,
				4CFA0A74192531C700B886DD /* Resources */,
			);
			buildRules = (
			);
			dependencies = (
				4CFA0A7C192531C700B886DD /* PBXTargetDependency */,
			);
			name = DemoTests;
			productName = DemoTests;
			productReference = 4CFA0A76192531C700B886DD /* DemoTests.xctest */;
			productType = "com.apple.product-type.bundle.unit-test";
		};
/* End PBXNativeTarget section */

/* Begin PBXProject section */
		4CFA0A4D192531C700B886DD /* Project object */ = {
			isa = PBXProject;
			attributes = {
				LastUpgradeCheck = 0510;
				ORGANIZATIONNAME = "Chandni Maheta";
				TargetAttributes = {
					4CFA0A75192531C700B886DD = {
						TestTargetID = 4CFA0A54192531C700B886DD;
					};
				};
			};
			buildConfigurationList = 4CFA0A50192531C700B886DD /* Build configuration list for PBXProject "Demo" */;
			compatibilityVersion = "Xcode 3.2";
			developmentRegion = English;
			hasScannedForEncodings = 0;
			knownRegions = (
				en,
				Base,
			);
			mainGroup = 4CFA0A4C192531C700B886DD;
			productRefGroup = 4CFA0A56192531C700B886DD /* Products */;
			projectDirPath = "";
			projectRoot = "";
			targets = (
				4CFA0A54192531C700B886DD /* Demo */,
				4CFA0A75192531C700B886DD /* DemoTests */,
			);
		};
/* End PBXProject section */

/* Begin PBXResourcesBuildPhase section */
		4CFA0A53192531C700B886DD /* Resources */ = {
			isa = PBXResourcesBuildPhase;
			buildActionMask = 2147483647;
			files = (
				4CFA0A71192531C700B886DD /* Images.xcassets in Resources */,
				4CFA0A9B19256CAD00B886DD /* leftarrow2.png in Resources */,
				4CFA0AA11925B3BB00B886DD /* photo.png in Resources */,
				4CFA0A9019253F3700B886DD /* prev.png in Resources */,
				4CFA0AA31925BBF300B886DD /* photo1.png in Resources */,
				4CFA0A63192531C700B886DD /* InfoPlist.strings in Resources */,
				4CFA0A941925430D00B886DD /* rightarrow.png in Resources */,
				4CFA0A8F19253F3700B886DD /* next.jpg in Resources */,
				4CFA0A931925430D00B886DD /* leftarrow.png in Resources */,
				4CFA0A9C19256CAD00B886DD /* rightarrow2.png in Resources */,
				4CFA0A6C192531C700B886DD /* Main.storyboard in Resources */,
			);
			runOnlyForDeploymentPostprocessing = 0;
		};
		4CFA0A74192531C700B886DD /* Resources */ = {
			isa = PBXResourcesBuildPhase;
			buildActionMask = 2147483647;
			files = (
				4CFA0A82192531C700B886DD /* InfoPlist.strings in Resources */,
			);
			runOnlyForDeploymentPostprocessing = 0;
		};
/* End PBXResourcesBuildPhase section */

/* Begin PBXSourcesBuildPhase section */
		4CFA0A51192531C700B886DD /* Sources */ = {
			isa = PBXSourcesBuildPhase;
			buildActionMask = 2147483647;
			files = (
				4CFA0A6F192531C700B886DD /* ViewController.m in Sources */,
				4CFA0A69192531C700B886DD /* AppDelegate.m in Sources */,
				4CFA0A65192531C700B886DD /* main.m in Sources */,
				4CFA0A9F192571BC00B886DD /* WordData.m in Sources */,
			);
			runOnlyForDeploymentPostprocessing = 0;
		};
		4CFA0A72192531C700B886DD /* Sources */ = {
			isa = PBXSourcesBuildPhase;
			buildActionMask = 2147483647;
			files = (
				4CFA0A84192531C700B886DD /* DemoTests.m in Sources */,
			);
			runOnlyForDeploymentPostprocessing = 0;
		};
/* End PBXSourcesBuildPhase section */

/* Begin PBXTargetDependency section */
		4CFA0A7C192531C700B886DD /* PBXTargetDependency */ = {
			isa = PBXTargetDependency;
			target = 4CFA0A54192531C700B886DD /* Demo */;
			targetProxy = 4CFA0A7B192531C700B886DD /* PBXContainerItemProxy */;
		};
/* End PBXTargetDependency section */

/* Begin PBXVariantGroup section */
		4CFA0A61192531C700B886DD /* InfoPlist.strings */ = {
			isa = PBXVariantGroup;
			children = (
				4CFA0A62192531C700B886DD /* en */,
			);
			name = InfoPlist.strings;
			sourceTree = "<group>";
		};
		4CFA0A6A192531C700B886DD /* Main.storyboard */ = {
			isa = PBXVariantGroup;
			children = (
				4CFA0A6B192531C700B886DD /* Base */,
			);
			name = Main.storyboard;
			sourceTree = "<group>";
		};
		4CFA0A80192531C700B886DD /* InfoPlist.strings */ = {
			isa = PBXVariantGroup;
			children = (
				4CFA0A81192531C700B886DD /* en */,
			);
			name = InfoPlist.strings;
			sourceTree = "<group>";
		};
/* End PBXVariantGroup section */

/* Begin XCBuildConfiguration section */
		4CFA0A85192531C700B886DD /* Debug */ = {
			isa = XCBuildConfiguration;
			buildSettings = {
				ALWAYS_SEARCH_USER_PATHS = NO;
				CLANG_CXX_LANGUAGE_STANDARD = "gnu++0x";
				CLANG_CXX_LIBRARY = "libc++";
				CLANG_ENABLE_MODULES = YES;
				CLANG_ENABLE_OBJC_ARC = YES;
				CLANG_WARN_BOOL_CONVERSION = YES;
				CLANG_WARN_CONSTANT_CONVERSION = YES;
				CLANG_WARN_DIRECT_OBJC_ISA_USAGE = YES_ERROR;
				CLANG_WARN_EMPTY_BODY = YES;
				CLANG_WARN_ENUM_CONVERSION = YES;
				CLANG_WARN_INT_CONVERSION = YES;
				CLANG_WARN_OBJC_ROOT_CLASS = YES_ERROR;
				CLANG_WARN__DUPLICATE_METHOD_MATCH = YES;
				"CODE_SIGN_IDENTITY[sdk=iphoneos*]" = "iPhone Developer";
				COPY_PHASE_STRIP = NO;
				GCC_C_LANGUAGE_STANDARD = gnu99;
				GCC_DYNAMIC_NO_PIC = NO;
				GCC_OPTIMIZATION_LEVEL = 0;
				GCC_PREPROCESSOR_DEFINITIONS = (
					"DEBUG=1",
					"$(inherited)",
				);
				GCC_SYMBOLS_PRIVATE_EXTERN = NO;
				GCC_WARN_64_TO_32_BIT_CONVERSION = YES;
				GCC_WARN_ABOUT_RETURN_TYPE = YES_ERROR;
				GCC_WARN_UNDECLARED_SELECTOR = YES;
				GCC_WARN_UNINITIALIZED_AUTOS = YES_AGGRESSIVE;
				GCC_WARN_UNUSED_FUNCTION = YES;
				GCC_WARN_UNUSED_VARIABLE = YES;
				IPHONEOS_DEPLOYMENT_TARGET = 7.1;
				ONLY_ACTIVE_ARCH = YES;
				SDKROOT = iphoneos;
			};
			name = Debug;
		};
		4CFA0A86192531C700B886DD /* Release */ = {
			isa = XCBuildConfiguration;
			buildSettings = {
				ALWAYS_SEARCH_USER_PATHS = NO;
				CLANG_CXX_LANGUAGE_STANDARD = "gnu++0x";
				CLANG_CXX_LIBRARY = "libc++";
				CLANG_ENABLE_MODULES = YES;
				CLANG_ENABLE_OBJC_ARC = YES;
				CLANG_WARN_BOOL_CONVERSION = YES;
				CLANG_WARN_CONSTANT_CONVERSION = YES;
				CLANG_WARN_DIRECT_OBJC_ISA_USAGE = YES_ERROR;
				CLANG_WARN_EMPTY_BODY = YES;
				CLANG_WARN_ENUM_CONVERSION = YES;
				CLANG_WARN_INT_CONVERSION = YES;
				CLANG_WARN_OBJC_ROOT_CLASS = YES_ERROR;
				CLANG_WARN__DUPLICATE_METHOD_MATCH = YES;
				"CODE_SIGN_IDENTITY[sdk=iphoneos*]" = "iPhone Developer";
				COPY_PHASE_STRIP = YES;
				ENABLE_NS_ASSERTIONS = NO;
				GCC_C_LANGUAGE_STANDARD = gnu99;
				GCC_WARN_64_TO_32_BIT_CONVERSION = YES;
				GCC_WARN_ABOUT_RETURN_TYPE = YES_ERROR;
				GCC_WARN_UNDECLARED_SELECTOR = YES;
				GCC_WARN_UNINITIALIZED_AUTOS = YES_AGGRESSIVE;
				GCC_WARN_UNUSED_FUNCTION = YES;
				GCC_WARN_UNUSED_VARIABLE = YES;
				IPHONEOS_DEPLOYMENT_TARGET = 7.1;
				SDKROOT = iphoneos;
				VALIDATE_PRODUCT = YES;
			};
			name = Release;
		};
		4CFA0A88192531C700B886DD /* Debug */ = {
			isa = XCBuildConfiguration;
			buildSettings = {
				ASSETCATALOG_COMPILER_APPICON_NAME = AppIcon;
				ASSETCATALOG_COMPILER_LAUNCHIMAGE_NAME = LaunchImage;
				GCC_PRECOMPILE_PREFIX_HEADER = YES;
				GCC_PREFIX_HEADER = "Demo/Demo-Prefix.pch";
				INFOPLIST_FILE = "Demo/Demo-Info.plist";
				PRODUCT_NAME = "$(TARGET_NAME)";
				WRAPPER_EXTENSION = app;
			};
			name = Debug;
		};
		4CFA0A89192531C700B886DD /* Release */ = {
			isa = XCBuildConfiguration;
			buildSettings = {
				ASSETCATALOG_COMPILER_APPICON_NAME = AppIcon;
				ASSETCATALOG_COMPILER_LAUNCHIMAGE_NAME = LaunchImage;
				GCC_PRECOMPILE_PREFIX_HEADER = YES;
				GCC_PREFIX_HEADER = "Demo/Demo-Prefix.pch";
				INFOPLIST_FILE = "Demo/Demo-Info.plist";
				PRODUCT_NAME = "$(TARGET_NAME)";
				WRAPPER_EXTENSION = app;
			};
			name = Release;
		};
		4CFA0A8B192531C700B886DD /* Debug */ = {
			isa = XCBuildConfiguration;
			buildSettings = {
				BUNDLE_LOADER = "$(BUILT_PRODUCTS_DIR)/Demo.app/Demo";
				FRAMEWORK_SEARCH_PATHS = (
					"$(SDKROOT)/Developer/Library/Frameworks",
					"$(inherited)",
					"$(DEVELOPER_FRAMEWORKS_DIR)",
				);
				GCC_PRECOMPILE_PREFIX_HEADER = YES;
				GCC_PREFIX_HEADER = "Demo/Demo-Prefix.pch";
				GCC_PREPROCESSOR_DEFINITIONS = (
					"DEBUG=1",
					"$(inherited)",
				);
				INFOPLIST_FILE = "DemoTests/DemoTests-Info.plist";
				PRODUCT_NAME = "$(TARGET_NAME)";
				TEST_HOST = "$(BUNDLE_LOADER)";
				WRAPPER_EXTENSION = xctest;
			};
			name = Debug;
		};
		4CFA0A8C192531C700B886DD /* Release */ = {
			isa = XCBuildConfiguration;
			buildSettings = {
				BUNDLE_LOADER = "$(BUILT_PRODUCTS_DIR)/Demo.app/Demo";
				FRAMEWORK_SEARCH_PATHS = (
					"$(SDKROOT)/Developer/Library/Frameworks",
					"$(inherited)",
					"$(DEVELOPER_FRAMEWORKS_DIR)",
				);
				GCC_PRECOMPILE_PREFIX_HEADER = YES;
				GCC_PREFIX_HEADER = "Demo/Demo-Prefix.pch";
				INFOPLIST_FILE = "DemoTests/DemoTests-Info.plist";
				PRODUCT_NAME = "$(TARGET_NAME)";
				TEST_HOST = "$(BUNDLE_LOADER)";
				WRAPPER_EXTENSION = xctest;
			};
			name = Release;
		};
/* End XCBuildConfiguration section */

/* Begin XCConfigurationList section */
		4CFA0A50192531C700B886DD /* Build configuration list for PBXProject "Demo" */ = {
			isa = XCConfigurationList;
			buildConfigurations = (
				4CFA0A85192531C700B886DD /* Debug */,
				4CFA0A86192531C700B886DD /* Release */,
			);
			defaultConfigurationIsVisible = 0;
			defaultConfigurationName = Release;
		};
		4CFA0A87192531C700B886DD /* Build configuration list for PBXNativeTarget "Demo" */ = {
			isa = XCConfigurationList;
			buildConfigurations = (
				4CFA0A88192531C700B886DD /* Debug */,
				4CFA0A89192531C700B886DD /* Release */,
			);
			defaultConfigurationIsVisible = 0;
		};
		4CFA0A8A192531C700B886DD /* Build configuration list for PBXNativeTarget "DemoTests" */ = {
			isa = XCConfigurationList;
			buildConfigurations = (
				4CFA0A8B192531C700B886DD /* Debug */,
				4CFA0A8C192531C700B886DD /* Release */,
			);
			defaultConfigurationIsVisible = 0;
		};
/* End XCConfigurationList section */
	};
	rootObject = 4CFA0A4D192531C700B886DD /* Project object */;
}
